
Microsoft Visual Studio Solution File, Format Version 12.00
# Visual Studio Version 17
VisualStudioVersion = 17.14.36623.8
MinimumVisualStudioVersion = 10.0.40219.1
Project("{FAE04EC0-301F-11D3-BF4B-00C04F79EFBC}") = "Task 1", "Task 1\Task 1.csproj", "{1BCD439E-BA22-475D-BE7F-09144FD48D29}"
EndProject
Project("{FAE04EC0-301F-11D3-BF4B-00C04F79EFBC}") = "Task 2", "Task 2\Task 2.csproj", "{4C721323-6F27-6DCD-0967-CE743F93502F}"
EndProject
Project("{FAE04EC0-301F-11D3-BF4B-00C04F79EFBC}") = "Task 3", "Task 3\Task 3.csproj", "{8DF30484-5DDC-A0B8-08AF-58803E54B741}"
EndProject
Project("{FAE04EC0-301F-11D3-BF4B-00C04F79EFBC}") = "Task 4", "Task 4\Task 4.csproj", "{D9E464ED-C124-4490-92A8-220304F76B48}"
EndProject
Project("{FAE04EC0-301F-11D3-BF4B-00C04F79EFBC}") = "Task 5", "Task 5\Task 5.csproj", "{2D98AA81-12D4-4A13-8BE9-9954CEC4A5B8}"
EndProject
Global
	GlobalSection(SolutionConfigurationPlatforms) = preSolution
		Debug|Any CPU = Debug|Any CPU
		Release|Any CPU = Release|Any CPU
	EndGlobalSection
	GlobalSection(ProjectConfigurationPlatforms) = postSolution
		{1BCD439E-BA22-475D-BE7F-09144FD48D29}.Debug|Any CPU.ActiveCfg = Debug|Any CPU
		{1BCD439E-BA22-475D-BE7F-09144FD48D29}.Debug|Any CPU.Build.0 = Debug|Any CPU
		{1BCD439E-BA22-475D-BE7F-09144FD48D29}.Release|Any CPU.ActiveCfg = Release|Any CPU
		{1BCD439E-BA22-475D-BE7F-09144FD48D29}.Release|Any CPU.Build.0 = Release|Any CPU
		{4C721323-6F27-6DCD-0967-CE743F93502F}.Debug|Any CPU.ActiveCfg = Debug|Any CPU
		{4C721323-6F27-6DCD-0967-CE743F93502F}.Debug|Any CPU.Build.0 = Debug|Any CPU
		{4C721323-6F27-6DCD-0967-CE743F93502F}.Release|Any CPU.ActiveCfg = Release|Any CPU
		{4C721323-6F27-6DCD-0967-CE743F93502F}.Release|Any CPU.Build.0 = Release|Any CPU
		{8DF30484-5DDC-A0B8-08AF-58803E54B741}.Debug|Any CPU.ActiveCfg = Debug|Any CPU
		{8DF30484-5DDC-A0B8-08AF-58803E54B741}.Debug|Any CPU.Build.0 = Debug|Any CPU
		{8DF30484-5DDC-A0B8-08AF-58803E54B741}.Release|Any CPU.ActiveCfg = Release|Any CPU
		{8DF30484-5DDC-A0B8-08AF-58803E54B741}.Release|Any CPU.Build.0 = Release|Any CPU
		{D9E464ED-C124-4490-92A8-220304F76B48}.Debug|Any CPU.ActiveCfg = Debug|Any CPU
		{D9E464ED-C124-4490-92A8-220304F76B48}.Debug|Any CPU.Build.0 = Debug|Any CPU
		{D9E464ED-C124-4490-92A8-220304F76B48}.Release|Any CPU.ActiveCfg = Release|Any CPU
		{D9E464ED-C124-4490-92A8-220304F76B48}.Release|Any CPU.Build.0 = Release|Any CPU
		{2D98AA81-12D4-4A13-8BE9-9954CEC4A5B8}.Debug|Any CPU.ActiveCfg = Debug|Any CPU
		{2D98AA81-12D4-4A13-8BE9-9954CEC4A5B8}.Debug|Any CPU.Build.0 = Debug|Any CPU
		{2D98AA81-12D4-4A13-8BE9-9954CEC4A5B8}.Release|Any CPU.ActiveCfg = Release|Any CPU
		{2D98AA81-12D4-4A13-8BE9-9954CEC4A5B8}.Release|Any CPU.Build.0 = Release|Any CPU
	EndGlobalSection
	GlobalSection(SolutionProperties) = preSolution
		HideSolutionNode = FALSE
	EndGlobalSection
	GlobalSection(ExtensibilityGlobals) = postSolution
		SolutionGuid = {C4588D8E-1566-4C23-BF49-8B28AFAB5D52}
	EndGlobalSection
EndGlobal
